
Microsoft Visual Studio Solution File, Format Version 12.00
# Visual Studio Version 16
VisualStudioVersion = 16.0.31205.134
MinimumVisualStudioVersion = 10.0.40219.1
Project("{9A19103F-16F7-4668-BE54-9A1E7A4F7556}") = "SocialNetworkProject", "SocialNetworkProject.csproj", "{F7EBE9B9-F1AC-4570-80F4-262C1F39A725}"
EndProject
Global
	GlobalSection(SolutionConfigurationPlatforms) = preSolution
		Debug|Any CPU = Debug|Any CPU
		Release|Any CPU = Release|Any CPU
	EndGlobalSection
	GlobalSection(ProjectConfigurationPlatforms) = postSolution
		{F7EBE9B9-F1AC-4570-80F4-262C1F39A725}.Debug|Any CPU.ActiveCfg = Debug|Any CPU
		{F7EBE9B9-F1AC-4570-80F4-262C1F39A725}.Debug|Any CPU.Build.0 = Debug|Any CPU
		{F7EBE9B9-F1AC-4570-80F4-262C1F39A725}.Release|Any CPU.ActiveCfg = Release|Any CPU
		{F7EBE9B9-F1AC-4570-80F4-262C1F39A725}.Release|Any CPU.Build.0 = Release|Any CPU
	EndGlobalSection
	GlobalSection(SolutionProperties) = preSolution
		HideSolutionNode = FALSE
	EndGlobalSection
	GlobalSection(ExtensibilityGlobals) = postSolution
		SolutionGuid = {27157C23-52BF-446A-ABB4-8B2BF3C8C09E}
	EndGlobalSection
EndGlobal
